{
  "version": 4,
  "terraform_version": "1.6.6",
  "serial": 132,
  "lineage": "c2093a42-8d82-fb5c-2ebb-916619a48193",
  "outputs": {},
  "resources": [
    {
      "module": "module.aws_InternetGW[\"IGW01\"]",
      "mode": "managed",
      "type": "aws_internet_gateway",
      "name": "gw",
      "provider": "provider[\"registry.terraform.io/hashicorp/aws\"]",
      "instances": [
        {
          "schema_version": 0,
          "attributes": {
            "arn": "arn:aws:ec2:us-east-1:025869940381:internet-gateway/igw-0c904ab8e2e238bc0",
            "id": "igw-0c904ab8e2e238bc0",
            "owner_id": "025869940381",
            "tags": {
              "Name": "first_IGW"
            },
            "tags_all": {
              "Name": "first_IGW"
            },
            "timeouts": null,
            "vpc_id": "vpc-0a71e4979b6a42fb2"
          },
          "sensitive_attributes": [],
          "private": "eyJlMmJmYjczMC1lY2FhLTExZTYtOGY4OC0zNDM2M2JjN2M0YzAiOnsiY3JlYXRlIjoxMjAwMDAwMDAwMDAwLCJkZWxldGUiOjEyMDAwMDAwMDAwMDAsInVwZGF0ZSI6MTIwMDAwMDAwMDAwMH19",
          "dependencies": [
            "module.aws_vpc.aws_vpc.main"
          ]
        }
      ]
    },
    {
      "module": "module.aws_eks[\"EKS01\"]",
      "mode": "data",
      "type": "aws_iam_policy_document",
      "name": "assume_role",
      "provider": "provider[\"registry.terraform.io/hashicorp/aws\"]",
      "instances": [
        {
          "schema_version": 0,
          "attributes": {
            "id": "3552664922",
            "json": "{\n  \"Version\": \"2012-10-17\",\n  \"Statement\": [\n    {\n      \"Effect\": \"Allow\",\n      \"Action\": \"sts:AssumeRole\",\n      \"Principal\": {\n        \"Service\": \"eks.amazonaws.com\"\n      }\n    }\n  ]\n}",
            "override_policy_documents": null,
            "policy_id": null,
            "source_policy_documents": null,
            "statement": [
              {
                "actions": [
                  "sts:AssumeRole"
                ],
                "condition": [],
                "effect": "Allow",
                "not_actions": [],
                "not_principals": [],
                "not_resources": [],
                "principals": [
                  {
                    "identifiers": [
                      "eks.amazonaws.com"
                    ],
                    "type": "Service"
                  }
                ],
                "resources": [],
                "sid": ""
              }
            ],
            "version": "2012-10-17"
          },
          "sensitive_attributes": []
        }
      ]
    },
    {
      "module": "module.aws_eks[\"EKS01\"]",
      "mode": "managed",
      "type": "aws_eks_cluster",
      "name": "eks_cluster",
      "provider": "provider[\"registry.terraform.io/hashicorp/aws\"]",
      "instances": [
        {
          "schema_version": 0,
          "attributes": {
            "arn": "arn:aws:eks:us-east-1:025869940381:cluster/demo_cluster",
            "certificate_authority": [
              {
                "data": "LS0tLS1CRUdJTiBDRVJUSUZJQ0FURS0tLS0tCk1JSURCVENDQWUyZ0F3SUJBZ0lJSjNNVjRQNVREUG93RFFZSktvWklodmNOQVFFTEJRQXdGVEVUTUJFR0ExVUUKQXhNS2EzVmlaWEp1WlhSbGN6QWVGdzB5TXpFeU1qRXhOVFF4TlRGYUZ3MHpNekV5TVRneE5UUTJOVEZhTUJVeApFekFSQmdOVkJBTVRDbXQxWW1WeWJtVjBaWE13Z2dFaU1BMEdDU3FHU0liM0RRRUJBUVVBQTRJQkR3QXdnZ0VLCkFvSUJBUUM4R2VRblpxY2J3ajJwOVh3M3ExMVRJUXIrdWNOaHB0a0tvVFJ0bzRwWGEzVlN3MXhDUGtTaGxrZGoKWlpBaWJBWExKd0FQaE9VUmZCYTZDQVNLMzMvUnZMUHg5SkRtaXRDMWpkUkZkalJDalA4K1hyaDF3UU90azdsYQpFc0hXRHRJVlpyNzdEQTQ0SGhYN25lYk9uTy96ZzdPa3VWRExyRUt4SmJtRTZoS2N0SktFQUlGOXJ2YmNVNVFhCnhJbkc0Z3ArNkU4czh5SkpnODVXdXJVcmhXRXcxcnJRK1ZZSURIdmNPbWVjbDhwOXhjakExK0pvWjkrNldOYUoKWVRVYlpCRzJyTzlqUXIyRjhaV1Jlckx1N3crbzZHMTR3UjR1RW1FT24zUWpmL3FIdWlhS2FQWDJWR0lSYjJ1WgpiQ2dGYkNvL1dsRXhkZ0poS2N2ajVBNGNvUjVkQWdNQkFBR2pXVEJYTUE0R0ExVWREd0VCL3dRRUF3SUNwREFQCkJnTlZIUk1CQWY4RUJUQURBUUgvTUIwR0ExVWREZ1FXQkJRQWtySGg3c2w2eUJHemo1cFNHZmorc3hLanF6QVYKQmdOVkhSRUVEakFNZ2dwcmRXSmxjbTVsZEdWek1BMEdDU3FHU0liM0RRRUJDd1VBQTRJQkFRQjQyT1Z2R3ZCOQpCM2NrYnB3WDA4enpkVVNML2s1V2Q1WmE3dmNVVnZ2NEVBTkUzMnM4QmRDTkg2V1dSS2JMdlNHVERVVWd2azVlClhYRUQzOVRSM2FJV2cybWpHRHhlVGxOUDRVWXg0V0FFM3FhRnMraEM0bVJURllqaUsxbk1XaUdneTJwWThRajIKV2taU1VUL0RsY1RnY1U2S2FTQTdzZk9kWFk2Q0wzZVR6QS9JTjZTMkFRcWxyWHgvZTY2ekNHd3hrNEt1bHVXeAo3aEwvTmFQZnNuV3JZdVkyemN2a0g0MTFER1VDWHB2aFNtYVVXKzRUdlg3OHJQQzVQdFJhVDcweW9yZDRyZWszCmZLU2NVcXVJdFdUWExKRkNnbnNUcVRTS1FTMHNnY0FZbWhGRDE5TUhVbjZXbERSZDFlRDc1cFQ2VEJTVFdnaWYKQ3gzRkFlM3pva2YxCi0tLS0tRU5EIENFUlRJRklDQVRFLS0tLS0K"
              }
            ],
            "cluster_id": null,
            "created_at": "2023-12-21 15:41:24.833 +0000 UTC",
            "enabled_cluster_log_types": null,
            "encryption_config": [],
            "endpoint": "https://6FC34F4131EF7F59B3A73E3390E38723.gr7.us-east-1.eks.amazonaws.com",
            "id": "demo_cluster",
            "identity": [
              {
                "oidc": [
                  {
                    "issuer": "https://oidc.eks.us-east-1.amazonaws.com/id/6FC34F4131EF7F59B3A73E3390E38723"
                  }
                ]
              }
            ],
            "kubernetes_network_config": [
              {
                "ip_family": "ipv4",
                "service_ipv4_cidr": "10.100.0.0/16",
                "service_ipv6_cidr": ""
              }
            ],
            "name": "demo_cluster",
            "outpost_config": [],
            "platform_version": "eks.6",
            "role_arn": "arn:aws:iam::025869940381:role/eks_role02",
            "status": "ACTIVE",
            "tags": {
              "Name": "demo_cluster"
            },
            "tags_all": {
              "Name": "demo_cluster"
            },
            "timeouts": null,
            "version": "1.28",
            "vpc_config": [
              {
                "cluster_security_group_id": "sg-01429a5d2a7862c30",
                "endpoint_private_access": false,
                "endpoint_public_access": true,
                "public_access_cidrs": [
                  "0.0.0.0/0"
                ],
                "security_group_ids": null,
                "subnet_ids": [
                  "subnet-017923234c783e5fa",
                  "subnet-0958d639b4764a0c7",
                  "subnet-09ec032a253fabcd0",
                  "subnet-0b911f4c85f3c55c3"
                ],
                "vpc_id": "vpc-0a71e4979b6a42fb2"
              }
            ]
          },
          "sensitive_attributes": [],
          "private": "eyJlMmJmYjczMC1lY2FhLTExZTYtOGY4OC0zNDM2M2JjN2M0YzAiOnsiY3JlYXRlIjoxODAwMDAwMDAwMDAwLCJkZWxldGUiOjkwMDAwMDAwMDAwMCwidXBkYXRlIjozNjAwMDAwMDAwMDAwfX0=",
          "dependencies": [
            "module.aws_eks.aws_iam_role.eks-role",
            "module.aws_eks.aws_iam_role_policy_attachment.AmazonEKSClusterPolicy",
            "module.aws_eks.aws_iam_role_policy_attachment.AmazonEKS_CNI_Policy",
            "module.aws_eks.data.aws_iam_policy_document.assume_role",
            "module.aws_subnets.aws_subnet.main",
            "module.aws_vpc.aws_vpc.main"
          ]
        }
      ]
    },
    {
      "module": "module.aws_eks[\"EKS01\"]",
      "mode": "managed",
      "type": "aws_iam_role",
      "name": "eks-role",
      "provider": "provider[\"registry.terraform.io/hashicorp/aws\"]",
      "instances": [
        {
          "schema_version": 0,
          "attributes": {
            "arn": "arn:aws:iam::025869940381:role/eks_role02",
            "assume_role_policy": "{\"Statement\":[{\"Action\":\"sts:AssumeRole\",\"Effect\":\"Allow\",\"Principal\":{\"Service\":\"eks.amazonaws.com\"}}],\"Version\":\"2012-10-17\"}",
            "create_date": "2023-12-21T15:41:16Z",
            "description": "",
            "force_detach_policies": false,
            "id": "eks_role02",
            "inline_policy": [],
            "managed_policy_arns": [],
            "max_session_duration": 3600,
            "name": "eks_role02",
            "name_prefix": "",
            "path": "/",
            "permissions_boundary": "",
            "tags": null,
            "tags_all": {},
            "unique_id": "AROAQMBPX62OVEE7I5QY5"
          },
          "sensitive_attributes": [],
          "private": "bnVsbA==",
          "dependencies": [
            "module.aws_eks.data.aws_iam_policy_document.assume_role"
          ]
        }
      ]
    },
    {
      "module": "module.aws_eks[\"EKS01\"]",
      "mode": "managed",
      "type": "aws_iam_role_policy_attachment",
      "name": "AmazonEKSClusterPolicy",
      "provider": "provider[\"registry.terraform.io/hashicorp/aws\"]",
      "instances": [
        {
          "schema_version": 0,
          "attributes": {
            "id": "eks_role02-20231221154117482400000001",
            "policy_arn": "arn:aws:iam::aws:policy/AmazonEKSClusterPolicy",
            "role": "eks_role02"
          },
          "sensitive_attributes": [],
          "private": "bnVsbA==",
          "dependencies": [
            "module.aws_eks.aws_iam_role.eks-role",
            "module.aws_eks.data.aws_iam_policy_document.assume_role"
          ]
        }
      ]
    },
    {
      "module": "module.aws_eks[\"EKS01\"]",
      "mode": "managed",
      "type": "aws_iam_role_policy_attachment",
      "name": "AmazonEKS_CNI_Policy",
      "provider": "provider[\"registry.terraform.io/hashicorp/aws\"]",
      "instances": [
        {
          "schema_version": 0,
          "attributes": {
            "id": "eks_role02-20231221154117485600000002",
            "policy_arn": "arn:aws:iam::aws:policy/AmazonEKS_CNI_Policy",
            "role": "eks_role02"
          },
          "sensitive_attributes": [],
          "private": "bnVsbA==",
          "dependencies": [
            "module.aws_eks.aws_iam_role.eks-role",
            "module.aws_eks.data.aws_iam_policy_document.assume_role"
          ]
        }
      ]
    },
    {
      "module": "module.aws_eks_nodegroup[\"node01\"]",
      "mode": "managed",
      "type": "aws_eks_node_group",
      "name": "eks_nodegroup",
      "provider": "provider[\"registry.terraform.io/hashicorp/aws\"]",
      "instances": [
        {
          "schema_version": 0,
          "attributes": {
            "ami_type": "AL2_x86_64",
            "arn": "arn:aws:eks:us-east-1:025869940381:nodegroup/demo_cluster/demo_nodegroup01/5cc64688-e735-a335-279e-d440dfec4f9a",
            "capacity_type": "ON_DEMAND",
            "cluster_name": "demo_cluster",
            "disk_size": 20,
            "force_update_version": null,
            "id": "demo_cluster:demo_nodegroup01",
            "instance_types": [
              "t3.medium"
            ],
            "labels": null,
            "launch_template": [],
            "node_group_name": "demo_nodegroup01",
            "node_group_name_prefix": "",
            "node_role_arn": "arn:aws:iam::025869940381:role/nodegroup_role02",
            "release_version": "1.28.3-20231201",
            "remote_access": [],
            "resources": [
              {
                "autoscaling_groups": [
                  {
                    "name": "eks-demo_nodegroup01-5cc64688-e735-a335-279e-d440dfec4f9a"
                  }
                ],
                "remote_access_security_group_id": ""
              }
            ],
            "scaling_config": [
              {
                "desired_size": 1,
                "max_size": 2,
                "min_size": 1
              }
            ],
            "status": "ACTIVE",
            "subnet_ids": [
              "subnet-09ec032a253fabcd0",
              "subnet-0b911f4c85f3c55c3"
            ],
            "tags": {
              "Name": "nodegroup_demo"
            },
            "tags_all": {
              "Name": "nodegroup_demo"
            },
            "taint": [],
            "timeouts": null,
            "update_config": [
              {
                "max_unavailable": 1,
                "max_unavailable_percentage": 0
              }
            ],
            "version": "1.28"
          },
          "sensitive_attributes": [],
          "private": "eyJlMmJmYjczMC1lY2FhLTExZTYtOGY4OC0zNDM2M2JjN2M0YzAiOnsiY3JlYXRlIjozNjAwMDAwMDAwMDAwLCJkZWxldGUiOjM2MDAwMDAwMDAwMDAsInVwZGF0ZSI6MzYwMDAwMDAwMDAwMH19",
          "dependencies": [
            "module.aws_eks.aws_eks_cluster.eks_cluster",
            "module.aws_eks.aws_iam_role.eks-role",
            "module.aws_eks.aws_iam_role_policy_attachment.AmazonEKSClusterPolicy",
            "module.aws_eks.aws_iam_role_policy_attachment.AmazonEKS_CNI_Policy",
            "module.aws_eks.data.aws_iam_policy_document.assume_role",
            "module.aws_eks_nodegroup.aws_iam_role.nodegroup_role",
            "module.aws_eks_nodegroup.aws_iam_role_policy_attachment.AmazonEBSCSIDriverPolicy",
            "module.aws_eks_nodegroup.aws_iam_role_policy_attachment.AmazonEC2ContainerRegistryReadOnly",
            "module.aws_eks_nodegroup.aws_iam_role_policy_attachment.AmazonEKSWorkerNodePolicy",
            "module.aws_eks_nodegroup.aws_iam_role_policy_attachment.AmazonEKS_CNI_Policy",
            "module.aws_subnets.aws_subnet.main",
            "module.aws_vpc.aws_vpc.main"
          ]
        }
      ]
    },
    {
      "module": "module.aws_eks_nodegroup[\"node01\"]",
      "mode": "managed",
      "type": "aws_iam_role",
      "name": "nodegroup_role",
      "provider": "provider[\"registry.terraform.io/hashicorp/aws\"]",
      "instances": [
        {
          "schema_version": 0,
          "attributes": {
            "arn": "arn:aws:iam::025869940381:role/nodegroup_role02",
            "assume_role_policy": "{\"Statement\":[{\"Action\":\"sts:AssumeRole\",\"Effect\":\"Allow\",\"Principal\":{\"Service\":\"ec2.amazonaws.com\"}}],\"Version\":\"2012-10-17\"}",
            "create_date": "2023-12-21T15:41:16Z",
            "description": "",
            "force_detach_policies": false,
            "id": "nodegroup_role02",
            "inline_policy": [],
            "managed_policy_arns": [],
            "max_session_duration": 3600,
            "name": "nodegroup_role02",
            "name_prefix": "",
            "path": "/",
            "permissions_boundary": "",
            "tags": null,
            "tags_all": {},
            "unique_id": "AROAQMBPX62ORBIEYDUSS"
          },
          "sensitive_attributes": [],
          "private": "bnVsbA=="
        }
      ]
    },
    {
      "module": "module.aws_eks_nodegroup[\"node01\"]",
      "mode": "managed",
      "type": "aws_iam_role_policy_attachment",
      "name": "AmazonEBSCSIDriverPolicy",
      "provider": "provider[\"registry.terraform.io/hashicorp/aws\"]",
      "instances": [
        {
          "schema_version": 0,
          "attributes": {
            "id": "nodegroup_role02-20231221154117996500000009",
            "policy_arn": "arn:aws:iam::aws:policy/service-role/AmazonEBSCSIDriverPolicy",
            "role": "nodegroup_role02"
          },
          "sensitive_attributes": [],
          "private": "bnVsbA==",
          "dependencies": [
            "module.aws_eks_nodegroup.aws_iam_role.nodegroup_role"
          ]
        }
      ]
    },
    {
      "module": "module.aws_eks_nodegroup[\"node01\"]",
      "mode": "managed",
      "type": "aws_iam_role_policy_attachment",
      "name": "AmazonEC2ContainerRegistryReadOnly",
      "provider": "provider[\"registry.terraform.io/hashicorp/aws\"]",
      "instances": [
        {
          "schema_version": 0,
          "attributes": {
            "id": "nodegroup_role02-20231221154117885200000008",
            "policy_arn": "arn:aws:iam::aws:policy/AmazonEC2ContainerRegistryReadOnly",
            "role": "nodegroup_role02"
          },
          "sensitive_attributes": [],
          "private": "bnVsbA==",
          "dependencies": [
            "module.aws_eks_nodegroup.aws_iam_role.nodegroup_role"
          ]
        }
      ]
    },
    {
      "module": "module.aws_eks_nodegroup[\"node01\"]",
      "mode": "managed",
      "type": "aws_iam_role_policy_attachment",
      "name": "AmazonEKSWorkerNodePolicy",
      "provider": "provider[\"registry.terraform.io/hashicorp/aws\"]",
      "instances": [
        {
          "schema_version": 0,
          "attributes": {
            "id": "nodegroup_role02-20231221154117877300000007",
            "policy_arn": "arn:aws:iam::aws:policy/AmazonEKSWorkerNodePolicy",
            "role": "nodegroup_role02"
          },
          "sensitive_attributes": [],
          "private": "bnVsbA==",
          "dependencies": [
            "module.aws_eks_nodegroup.aws_iam_role.nodegroup_role"
          ]
        }
      ]
    },
    {
      "module": "module.aws_eks_nodegroup[\"node01\"]",
      "mode": "managed",
      "type": "aws_iam_role_policy_attachment",
      "name": "AmazonEKS_CNI_Policy",
      "provider": "provider[\"registry.terraform.io/hashicorp/aws\"]",
      "instances": [
        {
          "schema_version": 0,
          "attributes": {
            "id": "nodegroup_role02-2023122115411861750000000a",
            "policy_arn": "arn:aws:iam::aws:policy/AmazonEKS_CNI_Policy",
            "role": "nodegroup_role02"
          },
          "sensitive_attributes": [],
          "private": "bnVsbA==",
          "dependencies": [
            "module.aws_eks_nodegroup.aws_iam_role.nodegroup_role"
          ]
        }
      ]
    },
    {
      "module": "module.aws_eks_nodegroup[\"node02\"]",
      "mode": "managed",
      "type": "aws_eks_node_group",
      "name": "eks_nodegroup",
      "provider": "provider[\"registry.terraform.io/hashicorp/aws\"]",
      "instances": [
        {
          "schema_version": 0,
          "attributes": {
            "ami_type": "AL2_x86_64",
            "arn": "arn:aws:eks:us-east-1:025869940381:nodegroup/demo_cluster/demo_nodegroup02/58c64688-e73b-88e4-15eb-c346b812b163",
            "capacity_type": "ON_DEMAND",
            "cluster_name": "demo_cluster",
            "disk_size": 20,
            "force_update_version": null,
            "id": "demo_cluster:demo_nodegroup02",
            "instance_types": [
              "t3.medium"
            ],
            "labels": null,
            "launch_template": [],
            "node_group_name": "demo_nodegroup02",
            "node_group_name_prefix": "",
            "node_role_arn": "arn:aws:iam::025869940381:role/nodegroup_role03",
            "release_version": "1.28.3-20231201",
            "remote_access": [],
            "resources": [
              {
                "autoscaling_groups": [
                  {
                    "name": "eks-demo_nodegroup02-58c64688-e73b-88e4-15eb-c346b812b163"
                  }
                ],
                "remote_access_security_group_id": ""
              }
            ],
            "scaling_config": [
              {
                "desired_size": 1,
                "max_size": 2,
                "min_size": 1
              }
            ],
            "status": "ACTIVE",
            "subnet_ids": [
              "subnet-09ec032a253fabcd0",
              "subnet-0b911f4c85f3c55c3"
            ],
            "tags": {
              "Name": "nodegroup_demo"
            },
            "tags_all": {
              "Name": "nodegroup_demo"
            },
            "taint": [],
            "timeouts": null,
            "update_config": [
              {
                "max_unavailable": 1,
                "max_unavailable_percentage": 0
              }
            ],
            "version": "1.28"
          },
          "sensitive_attributes": [],
          "private": "eyJlMmJmYjczMC1lY2FhLTExZTYtOGY4OC0zNDM2M2JjN2M0YzAiOnsiY3JlYXRlIjozNjAwMDAwMDAwMDAwLCJkZWxldGUiOjM2MDAwMDAwMDAwMDAsInVwZGF0ZSI6MzYwMDAwMDAwMDAwMH19",
          "dependencies": [
            "module.aws_eks.aws_eks_cluster.eks_cluster",
            "module.aws_eks.aws_iam_role.eks-role",
            "module.aws_eks.aws_iam_role_policy_attachment.AmazonEKSClusterPolicy",
            "module.aws_eks.aws_iam_role_policy_attachment.AmazonEKS_CNI_Policy",
            "module.aws_eks.data.aws_iam_policy_document.assume_role",
            "module.aws_eks_nodegroup.aws_iam_role.nodegroup_role",
            "module.aws_eks_nodegroup.aws_iam_role_policy_attachment.AmazonEBSCSIDriverPolicy",
            "module.aws_eks_nodegroup.aws_iam_role_policy_attachment.AmazonEC2ContainerRegistryReadOnly",
            "module.aws_eks_nodegroup.aws_iam_role_policy_attachment.AmazonEKSWorkerNodePolicy",
            "module.aws_eks_nodegroup.aws_iam_role_policy_attachment.AmazonEKS_CNI_Policy",
            "module.aws_subnets.aws_subnet.main",
            "module.aws_vpc.aws_vpc.main"
          ]
        }
      ]
    },
    {
      "module": "module.aws_eks_nodegroup[\"node02\"]",
      "mode": "managed",
      "type": "aws_iam_role",
      "name": "nodegroup_role",
      "provider": "provider[\"registry.terraform.io/hashicorp/aws\"]",
      "instances": [
        {
          "schema_version": 0,
          "attributes": {
            "arn": "arn:aws:iam::025869940381:role/nodegroup_role03",
            "assume_role_policy": "{\"Statement\":[{\"Action\":\"sts:AssumeRole\",\"Effect\":\"Allow\",\"Principal\":{\"Service\":\"ec2.amazonaws.com\"}}],\"Version\":\"2012-10-17\"}",
            "create_date": "2023-12-21T15:41:16Z",
            "description": "",
            "force_detach_policies": false,
            "id": "nodegroup_role03",
            "inline_policy": [],
            "managed_policy_arns": [],
            "max_session_duration": 3600,
            "name": "nodegroup_role03",
            "name_prefix": "",
            "path": "/",
            "permissions_boundary": "",
            "tags": null,
            "tags_all": {},
            "unique_id": "AROAQMBPX62O74GZRPZMI"
          },
          "sensitive_attributes": [],
          "private": "bnVsbA=="
        }
      ]
    },
    {
      "module": "module.aws_eks_nodegroup[\"node02\"]",
      "mode": "managed",
      "type": "aws_iam_role_policy_attachment",
      "name": "AmazonEBSCSIDriverPolicy",
      "provider": "provider[\"registry.terraform.io/hashicorp/aws\"]",
      "instances": [
        {
          "schema_version": 0,
          "attributes": {
            "id": "nodegroup_role03-20231221154117684900000004",
            "policy_arn": "arn:aws:iam::aws:policy/service-role/AmazonEBSCSIDriverPolicy",
            "role": "nodegroup_role03"
          },
          "sensitive_attributes": [],
          "private": "bnVsbA==",
          "dependencies": [
            "module.aws_eks_nodegroup.aws_iam_role.nodegroup_role"
          ]
        }
      ]
    },
    {
      "module": "module.aws_eks_nodegroup[\"node02\"]",
      "mode": "managed",
      "type": "aws_iam_role_policy_attachment",
      "name": "AmazonEC2ContainerRegistryReadOnly",
      "provider": "provider[\"registry.terraform.io/hashicorp/aws\"]",
      "instances": [
        {
          "schema_version": 0,
          "attributes": {
            "id": "nodegroup_role03-20231221154117592800000003",
            "policy_arn": "arn:aws:iam::aws:policy/AmazonEC2ContainerRegistryReadOnly",
            "role": "nodegroup_role03"
          },
          "sensitive_attributes": [],
          "private": "bnVsbA==",
          "dependencies": [
            "module.aws_eks_nodegroup.aws_iam_role.nodegroup_role"
          ]
        }
      ]
    },
    {
      "module": "module.aws_eks_nodegroup[\"node02\"]",
      "mode": "managed",
      "type": "aws_iam_role_policy_attachment",
      "name": "AmazonEKSWorkerNodePolicy",
      "provider": "provider[\"registry.terraform.io/hashicorp/aws\"]",
      "instances": [
        {
          "schema_version": 0,
          "attributes": {
            "id": "nodegroup_role03-20231221154117685800000005",
            "policy_arn": "arn:aws:iam::aws:policy/AmazonEKSWorkerNodePolicy",
            "role": "nodegroup_role03"
          },
          "sensitive_attributes": [],
          "private": "bnVsbA==",
          "dependencies": [
            "module.aws_eks_nodegroup.aws_iam_role.nodegroup_role"
          ]
        }
      ]
    },
    {
      "module": "module.aws_eks_nodegroup[\"node02\"]",
      "mode": "managed",
      "type": "aws_iam_role_policy_attachment",
      "name": "AmazonEKS_CNI_Policy",
      "provider": "provider[\"registry.terraform.io/hashicorp/aws\"]",
      "instances": [
        {
          "schema_version": 0,
          "attributes": {
            "id": "nodegroup_role03-20231221154117795800000006",
            "policy_arn": "arn:aws:iam::aws:policy/AmazonEKS_CNI_Policy",
            "role": "nodegroup_role03"
          },
          "sensitive_attributes": [],
          "private": "bnVsbA==",
          "dependencies": [
            "module.aws_eks_nodegroup.aws_iam_role.nodegroup_role"
          ]
        }
      ]
    },
    {
      "module": "module.aws_elastic_ip[\"EIP01\"]",
      "mode": "managed",
      "type": "aws_eip",
      "name": "lb",
      "provider": "provider[\"registry.terraform.io/hashicorp/aws\"]",
      "instances": [
        {
          "schema_version": 0,
          "attributes": {
            "address": null,
            "allocation_id": "eipalloc-0ff9576088b028cf3",
            "associate_with_private_ip": null,
            "association_id": "",
            "carrier_ip": "",
            "customer_owned_ip": "",
            "customer_owned_ipv4_pool": "",
            "domain": "vpc",
            "id": "eipalloc-0ff9576088b028cf3",
            "instance": "",
            "network_border_group": "us-east-1",
            "network_interface": "",
            "private_dns": null,
            "private_ip": "",
            "public_dns": "ec2-107-20-87-151.compute-1.amazonaws.com",
            "public_ip": "107.20.87.151",
            "public_ipv4_pool": "amazon",
            "tags": {
              "Name": "first_EIP_for_NAT"
            },
            "tags_all": {
              "Name": "first_EIP_for_NAT"
            },
            "timeouts": null,
            "vpc": true
          },
          "sensitive_attributes": [],
          "private": "eyJlMmJmYjczMC1lY2FhLTExZTYtOGY4OC0zNDM2M2JjN2M0YzAiOnsiZGVsZXRlIjoxODAwMDAwMDAwMDAsInJlYWQiOjkwMDAwMDAwMDAwMCwidXBkYXRlIjozMDAwMDAwMDAwMDB9fQ=="
        }
      ]
    },
    {
      "module": "module.aws_elastic_ip[\"EIP02\"]",
      "mode": "managed",
      "type": "aws_eip",
      "name": "lb",
      "provider": "provider[\"registry.terraform.io/hashicorp/aws\"]",
      "instances": [
        {
          "schema_version": 0,
          "attributes": {
            "address": null,
            "allocation_id": "eipalloc-02a09471579e64466",
            "associate_with_private_ip": null,
            "association_id": "",
            "carrier_ip": "",
            "customer_owned_ip": "",
            "customer_owned_ipv4_pool": "",
            "domain": "vpc",
            "id": "eipalloc-02a09471579e64466",
            "instance": "",
            "network_border_group": "us-east-1",
            "network_interface": "",
            "private_dns": null,
            "private_ip": "",
            "public_dns": "ec2-54-205-73-203.compute-1.amazonaws.com",
            "public_ip": "54.205.73.203",
            "public_ipv4_pool": "amazon",
            "tags": {
              "Name": "second_EIP_for_NAT"
            },
            "tags_all": {
              "Name": "second_EIP_for_NAT"
            },
            "timeouts": null,
            "vpc": true
          },
          "sensitive_attributes": [],
          "private": "eyJlMmJmYjczMC1lY2FhLTExZTYtOGY4OC0zNDM2M2JjN2M0YzAiOnsiZGVsZXRlIjoxODAwMDAwMDAwMDAsInJlYWQiOjkwMDAwMDAwMDAwMCwidXBkYXRlIjozMDAwMDAwMDAwMDB9fQ=="
        }
      ]
    },
    {
      "module": "module.aws_natGW[\"NAT01\"]",
      "mode": "managed",
      "type": "aws_nat_gateway",
      "name": "example",
      "provider": "provider[\"registry.terraform.io/hashicorp/aws\"]",
      "instances": [
        {
          "schema_version": 0,
          "attributes": {
            "allocation_id": "eipalloc-0ff9576088b028cf3",
            "association_id": "eipassoc-00a259671f69a9e8c",
            "connectivity_type": "public",
            "id": "nat-0c8d9427e5405ca8e",
            "network_interface_id": "eni-091f634e98f6c0785",
            "private_ip": "192.168.16.227",
            "public_ip": "107.20.87.151",
            "secondary_allocation_ids": null,
            "secondary_private_ip_address_count": 0,
            "secondary_private_ip_addresses": [],
            "subnet_id": "subnet-017923234c783e5fa",
            "tags": {
              "Name": "first_nat"
            },
            "tags_all": {
              "Name": "first_nat"
            },
            "timeouts": null
          },
          "sensitive_attributes": [],
          "private": "eyJlMmJmYjczMC1lY2FhLTExZTYtOGY4OC0zNDM2M2JjN2M0YzAiOnsiY3JlYXRlIjo2MDAwMDAwMDAwMDAsImRlbGV0ZSI6MTgwMDAwMDAwMDAwMCwidXBkYXRlIjo2MDAwMDAwMDAwMDB9fQ==",
          "dependencies": [
            "module.aws_elastic_ip.aws_eip.lb",
            "module.aws_subnets.aws_subnet.main",
            "module.aws_vpc.aws_vpc.main"
          ]
        }
      ]
    },
    {
      "module": "module.aws_natGW[\"NAT02\"]",
      "mode": "managed",
      "type": "aws_nat_gateway",
      "name": "example",
      "provider": "provider[\"registry.terraform.io/hashicorp/aws\"]",
      "instances": [
        {
          "schema_version": 0,
          "attributes": {
            "allocation_id": "eipalloc-02a09471579e64466",
            "association_id": "eipassoc-06300727c79c7ecf1",
            "connectivity_type": "public",
            "id": "nat-02d8358bd7498a04a",
            "network_interface_id": "eni-0e1b2cd2e662ec559",
            "private_ip": "192.168.101.172",
            "public_ip": "54.205.73.203",
            "secondary_allocation_ids": null,
            "secondary_private_ip_address_count": 0,
            "secondary_private_ip_addresses": [],
            "subnet_id": "subnet-0958d639b4764a0c7",
            "tags": {
              "Name": "second_nat"
            },
            "tags_all": {
              "Name": "second_nat"
            },
            "timeouts": null
          },
          "sensitive_attributes": [],
          "private": "eyJlMmJmYjczMC1lY2FhLTExZTYtOGY4OC0zNDM2M2JjN2M0YzAiOnsiY3JlYXRlIjo2MDAwMDAwMDAwMDAsImRlbGV0ZSI6MTgwMDAwMDAwMDAwMCwidXBkYXRlIjo2MDAwMDAwMDAwMDB9fQ==",
          "dependencies": [
            "module.aws_elastic_ip.aws_eip.lb",
            "module.aws_subnets.aws_subnet.main",
            "module.aws_vpc.aws_vpc.main"
          ]
        }
      ]
    },
    {
      "module": "module.aws_route_table[\"RT01\"]",
      "mode": "managed",
      "type": "aws_route_table",
      "name": "example",
      "provider": "provider[\"registry.terraform.io/hashicorp/aws\"]",
      "instances": [
        {
          "schema_version": 0,
          "attributes": {
            "arn": "arn:aws:ec2:us-east-1:025869940381:route-table/rtb-06c6cd6b77bfe4e8c",
            "id": "rtb-06c6cd6b77bfe4e8c",
            "owner_id": "025869940381",
            "propagating_vgws": [],
            "route": [
              {
                "carrier_gateway_id": "",
                "cidr_block": "0.0.0.0/0",
                "core_network_arn": "",
                "destination_prefix_list_id": "",
                "egress_only_gateway_id": "",
                "gateway_id": "igw-0c904ab8e2e238bc0",
                "ipv6_cidr_block": "",
                "local_gateway_id": "",
                "nat_gateway_id": "",
                "network_interface_id": "",
                "transit_gateway_id": "",
                "vpc_endpoint_id": "",
                "vpc_peering_connection_id": ""
              }
            ],
            "tags": {
              "Name": "Public_route_table"
            },
            "tags_all": {
              "Name": "Public_route_table"
            },
            "timeouts": null,
            "vpc_id": "vpc-0a71e4979b6a42fb2"
          },
          "sensitive_attributes": [],
          "private": "eyJlMmJmYjczMC1lY2FhLTExZTYtOGY4OC0zNDM2M2JjN2M0YzAiOnsiY3JlYXRlIjozMDAwMDAwMDAwMDAsImRlbGV0ZSI6MzAwMDAwMDAwMDAwLCJ1cGRhdGUiOjEyMDAwMDAwMDAwMH19",
          "dependencies": [
            "module.aws_InternetGW.aws_internet_gateway.gw",
            "module.aws_elastic_ip.aws_eip.lb",
            "module.aws_natGW.aws_nat_gateway.example",
            "module.aws_subnets.aws_subnet.main",
            "module.aws_vpc.aws_vpc.main"
          ]
        }
      ]
    },
    {
      "module": "module.aws_route_table[\"RT02\"]",
      "mode": "managed",
      "type": "aws_route_table",
      "name": "example",
      "provider": "provider[\"registry.terraform.io/hashicorp/aws\"]",
      "instances": [
        {
          "schema_version": 0,
          "attributes": {
            "arn": "arn:aws:ec2:us-east-1:025869940381:route-table/rtb-06a344bc4725ec573",
            "id": "rtb-06a344bc4725ec573",
            "owner_id": "025869940381",
            "propagating_vgws": [],
            "route": [
              {
                "carrier_gateway_id": "",
                "cidr_block": "0.0.0.0/0",
                "core_network_arn": "",
                "destination_prefix_list_id": "",
                "egress_only_gateway_id": "",
                "gateway_id": "nat-0c8d9427e5405ca8e",
                "ipv6_cidr_block": "",
                "local_gateway_id": "",
                "nat_gateway_id": "",
                "network_interface_id": "",
                "transit_gateway_id": "",
                "vpc_endpoint_id": "",
                "vpc_peering_connection_id": ""
              }
            ],
            "tags": {
              "Name": "first_private_route_table"
            },
            "tags_all": {
              "Name": "first_private_route_table"
            },
            "timeouts": null,
            "vpc_id": "vpc-0a71e4979b6a42fb2"
          },
          "sensitive_attributes": [],
          "private": "eyJlMmJmYjczMC1lY2FhLTExZTYtOGY4OC0zNDM2M2JjN2M0YzAiOnsiY3JlYXRlIjozMDAwMDAwMDAwMDAsImRlbGV0ZSI6MzAwMDAwMDAwMDAwLCJ1cGRhdGUiOjEyMDAwMDAwMDAwMH19",
          "dependencies": [
            "module.aws_InternetGW.aws_internet_gateway.gw",
            "module.aws_elastic_ip.aws_eip.lb",
            "module.aws_natGW.aws_nat_gateway.example",
            "module.aws_subnets.aws_subnet.main",
            "module.aws_vpc.aws_vpc.main"
          ]
        }
      ]
    },
    {
      "module": "module.aws_route_table[\"RT03\"]",
      "mode": "managed",
      "type": "aws_route_table",
      "name": "example",
      "provider": "provider[\"registry.terraform.io/hashicorp/aws\"]",
      "instances": [
        {
          "schema_version": 0,
          "attributes": {
            "arn": "arn:aws:ec2:us-east-1:025869940381:route-table/rtb-0dfbd8e432ea5b967",
            "id": "rtb-0dfbd8e432ea5b967",
            "owner_id": "025869940381",
            "propagating_vgws": [],
            "route": [
              {
                "carrier_gateway_id": "",
                "cidr_block": "0.0.0.0/0",
                "core_network_arn": "",
                "destination_prefix_list_id": "",
                "egress_only_gateway_id": "",
                "gateway_id": "nat-02d8358bd7498a04a",
                "ipv6_cidr_block": "",
                "local_gateway_id": "",
                "nat_gateway_id": "",
                "network_interface_id": "",
                "transit_gateway_id": "",
                "vpc_endpoint_id": "",
                "vpc_peering_connection_id": ""
              }
            ],
            "tags": {
              "Name": "second_private_route_table"
            },
            "tags_all": {
              "Name": "second_private_route_table"
            },
            "timeouts": null,
            "vpc_id": "vpc-0a71e4979b6a42fb2"
          },
          "sensitive_attributes": [],
          "private": "eyJlMmJmYjczMC1lY2FhLTExZTYtOGY4OC0zNDM2M2JjN2M0YzAiOnsiY3JlYXRlIjozMDAwMDAwMDAwMDAsImRlbGV0ZSI6MzAwMDAwMDAwMDAwLCJ1cGRhdGUiOjEyMDAwMDAwMDAwMH19",
          "dependencies": [
            "module.aws_InternetGW.aws_internet_gateway.gw",
            "module.aws_elastic_ip.aws_eip.lb",
            "module.aws_natGW.aws_nat_gateway.example",
            "module.aws_subnets.aws_subnet.main",
            "module.aws_vpc.aws_vpc.main"
          ]
        }
      ]
    },
    {
      "module": "module.aws_route_table_association[\"RTassoc01\"]",
      "mode": "managed",
      "type": "aws_route_table_association",
      "name": "a",
      "provider": "provider[\"registry.terraform.io/hashicorp/aws\"]",
      "instances": [
        {
          "schema_version": 0,
          "attributes": {
            "gateway_id": "",
            "id": "rtbassoc-049bb3eaff305d07d",
            "route_table_id": "rtb-06c6cd6b77bfe4e8c",
            "subnet_id": "subnet-017923234c783e5fa",
            "timeouts": null
          },
          "sensitive_attributes": [],
          "private": "eyJlMmJmYjczMC1lY2FhLTExZTYtOGY4OC0zNDM2M2JjN2M0YzAiOnsiY3JlYXRlIjozMDAwMDAwMDAwMDAsImRlbGV0ZSI6MzAwMDAwMDAwMDAwLCJ1cGRhdGUiOjEyMDAwMDAwMDAwMH19",
          "dependencies": [
            "module.aws_InternetGW.aws_internet_gateway.gw",
            "module.aws_elastic_ip.aws_eip.lb",
            "module.aws_natGW.aws_nat_gateway.example",
            "module.aws_route_table.aws_route_table.example",
            "module.aws_subnets.aws_subnet.main",
            "module.aws_vpc.aws_vpc.main"
          ]
        }
      ]
    },
    {
      "module": "module.aws_route_table_association[\"RTassoc02\"]",
      "mode": "managed",
      "type": "aws_route_table_association",
      "name": "a",
      "provider": "provider[\"registry.terraform.io/hashicorp/aws\"]",
      "instances": [
        {
          "schema_version": 0,
          "attributes": {
            "gateway_id": "",
            "id": "rtbassoc-08bdfe9a32368741c",
            "route_table_id": "rtb-06c6cd6b77bfe4e8c",
            "subnet_id": "subnet-0958d639b4764a0c7",
            "timeouts": null
          },
          "sensitive_attributes": [],
          "private": "eyJlMmJmYjczMC1lY2FhLTExZTYtOGY4OC0zNDM2M2JjN2M0YzAiOnsiY3JlYXRlIjozMDAwMDAwMDAwMDAsImRlbGV0ZSI6MzAwMDAwMDAwMDAwLCJ1cGRhdGUiOjEyMDAwMDAwMDAwMH19",
          "dependencies": [
            "module.aws_InternetGW.aws_internet_gateway.gw",
            "module.aws_elastic_ip.aws_eip.lb",
            "module.aws_natGW.aws_nat_gateway.example",
            "module.aws_route_table.aws_route_table.example",
            "module.aws_subnets.aws_subnet.main",
            "module.aws_vpc.aws_vpc.main"
          ]
        }
      ]
    },
    {
      "module": "module.aws_route_table_association[\"RTassoc03\"]",
      "mode": "managed",
      "type": "aws_route_table_association",
      "name": "a",
      "provider": "provider[\"registry.terraform.io/hashicorp/aws\"]",
      "instances": [
        {
          "schema_version": 0,
          "attributes": {
            "gateway_id": "",
            "id": "rtbassoc-0239f862edd66174a",
            "route_table_id": "rtb-06a344bc4725ec573",
            "subnet_id": "subnet-0b911f4c85f3c55c3",
            "timeouts": null
          },
          "sensitive_attributes": [],
          "private": "eyJlMmJmYjczMC1lY2FhLTExZTYtOGY4OC0zNDM2M2JjN2M0YzAiOnsiY3JlYXRlIjozMDAwMDAwMDAwMDAsImRlbGV0ZSI6MzAwMDAwMDAwMDAwLCJ1cGRhdGUiOjEyMDAwMDAwMDAwMH19",
          "dependencies": [
            "module.aws_InternetGW.aws_internet_gateway.gw",
            "module.aws_elastic_ip.aws_eip.lb",
            "module.aws_natGW.aws_nat_gateway.example",
            "module.aws_route_table.aws_route_table.example",
            "module.aws_subnets.aws_subnet.main",
            "module.aws_vpc.aws_vpc.main"
          ]
        }
      ]
    },
    {
      "module": "module.aws_route_table_association[\"RTassoc04\"]",
      "mode": "managed",
      "type": "aws_route_table_association",
      "name": "a",
      "provider": "provider[\"registry.terraform.io/hashicorp/aws\"]",
      "instances": [
        {
          "schema_version": 0,
          "attributes": {
            "gateway_id": "",
            "id": "rtbassoc-08d62c614a5c042bf",
            "route_table_id": "rtb-0dfbd8e432ea5b967",
            "subnet_id": "subnet-09ec032a253fabcd0",
            "timeouts": null
          },
          "sensitive_attributes": [],
          "private": "eyJlMmJmYjczMC1lY2FhLTExZTYtOGY4OC0zNDM2M2JjN2M0YzAiOnsiY3JlYXRlIjozMDAwMDAwMDAwMDAsImRlbGV0ZSI6MzAwMDAwMDAwMDAwLCJ1cGRhdGUiOjEyMDAwMDAwMDAwMH19",
          "dependencies": [
            "module.aws_InternetGW.aws_internet_gateway.gw",
            "module.aws_elastic_ip.aws_eip.lb",
            "module.aws_natGW.aws_nat_gateway.example",
            "module.aws_route_table.aws_route_table.example",
            "module.aws_subnets.aws_subnet.main",
            "module.aws_vpc.aws_vpc.main"
          ]
        }
      ]
    },
    {
      "module": "module.aws_security_group[\"SG01\"]",
      "mode": "managed",
      "type": "aws_security_group",
      "name": "allow_tls",
      "provider": "provider[\"registry.terraform.io/hashicorp/aws\"]",
      "instances": [
        {
          "schema_version": 1,
          "attributes": {
            "arn": "arn:aws:ec2:us-east-1:025869940381:security-group/sg-09afcd1c089ef67b8",
            "description": "Managed by Terraform",
            "egress": [
              {
                "cidr_blocks": [
                  "0.0.0.0/0"
                ],
                "description": "",
                "from_port": 0,
                "ipv6_cidr_blocks": [],
                "prefix_list_ids": [],
                "protocol": "-1",
                "security_groups": [],
                "self": false,
                "to_port": 0
              }
            ],
            "id": "sg-09afcd1c089ef67b8",
            "ingress": [
              {
                "cidr_blocks": [
                  "0.0.0.0/0"
                ],
                "description": "",
                "from_port": 0,
                "ipv6_cidr_blocks": [],
                "prefix_list_ids": [],
                "protocol": "-1",
                "security_groups": [],
                "self": false,
                "to_port": 0
              }
            ],
            "name": "mypublicSG",
            "name_prefix": "",
            "owner_id": "025869940381",
            "revoke_rules_on_delete": false,
            "tags": {
              "Name": "mypublicSGs"
            },
            "tags_all": {
              "Name": "mypublicSGs"
            },
            "timeouts": null,
            "vpc_id": "vpc-0a71e4979b6a42fb2"
          },
          "sensitive_attributes": [],
          "private": "eyJlMmJmYjczMC1lY2FhLTExZTYtOGY4OC0zNDM2M2JjN2M0YzAiOnsiY3JlYXRlIjo2MDAwMDAwMDAwMDAsImRlbGV0ZSI6OTAwMDAwMDAwMDAwfSwic2NoZW1hX3ZlcnNpb24iOiIxIn0=",
          "dependencies": [
            "module.aws_vpc.aws_vpc.main"
          ]
        }
      ]
    },
    {
      "module": "module.aws_subnets[\"private-us-east-1a\"]",
      "mode": "managed",
      "type": "aws_subnet",
      "name": "main",
      "provider": "provider[\"registry.terraform.io/hashicorp/aws\"]",
      "instances": [
        {
          "schema_version": 1,
          "attributes": {
            "arn": "arn:aws:ec2:us-east-1:025869940381:subnet/subnet-0b911f4c85f3c55c3",
            "assign_ipv6_address_on_creation": false,
            "availability_zone": "us-east-1a",
            "availability_zone_id": "use1-az1",
            "cidr_block": "192.168.128.0/18",
            "customer_owned_ipv4_pool": "",
            "enable_dns64": false,
            "enable_lni_at_device_index": 0,
            "enable_resource_name_dns_a_record_on_launch": false,
            "enable_resource_name_dns_aaaa_record_on_launch": false,
            "id": "subnet-0b911f4c85f3c55c3",
            "ipv6_cidr_block": "",
            "ipv6_cidr_block_association_id": "",
            "ipv6_native": false,
            "map_customer_owned_ip_on_launch": false,
            "map_public_ip_on_launch": false,
            "outpost_arn": "",
            "owner_id": "025869940381",
            "private_dns_hostname_type_on_launch": "ip-name",
            "tags": {
              "Name": "private-us-east-1a"
            },
            "tags_all": {
              "Name": "private-us-east-1a"
            },
            "timeouts": null,
            "vpc_id": "vpc-0a71e4979b6a42fb2"
          },
          "sensitive_attributes": [],
          "private": "eyJlMmJmYjczMC1lY2FhLTExZTYtOGY4OC0zNDM2M2JjN2M0YzAiOnsiY3JlYXRlIjo2MDAwMDAwMDAwMDAsImRlbGV0ZSI6MTIwMDAwMDAwMDAwMH0sInNjaGVtYV92ZXJzaW9uIjoiMSJ9",
          "dependencies": [
            "module.aws_vpc.aws_vpc.main"
          ]
        }
      ]
    },
    {
      "module": "module.aws_subnets[\"private-us-east-1b\"]",
      "mode": "managed",
      "type": "aws_subnet",
      "name": "main",
      "provider": "provider[\"registry.terraform.io/hashicorp/aws\"]",
      "instances": [
        {
          "schema_version": 1,
          "attributes": {
            "arn": "arn:aws:ec2:us-east-1:025869940381:subnet/subnet-09ec032a253fabcd0",
            "assign_ipv6_address_on_creation": false,
            "availability_zone": "us-east-1b",
            "availability_zone_id": "use1-az2",
            "cidr_block": "192.168.192.0/18",
            "customer_owned_ipv4_pool": "",
            "enable_dns64": false,
            "enable_lni_at_device_index": 0,
            "enable_resource_name_dns_a_record_on_launch": false,
            "enable_resource_name_dns_aaaa_record_on_launch": false,
            "id": "subnet-09ec032a253fabcd0",
            "ipv6_cidr_block": "",
            "ipv6_cidr_block_association_id": "",
            "ipv6_native": false,
            "map_customer_owned_ip_on_launch": false,
            "map_public_ip_on_launch": false,
            "outpost_arn": "",
            "owner_id": "025869940381",
            "private_dns_hostname_type_on_launch": "ip-name",
            "tags": {
              "Name": "private-us-east-1b"
            },
            "tags_all": {
              "Name": "private-us-east-1b"
            },
            "timeouts": null,
            "vpc_id": "vpc-0a71e4979b6a42fb2"
          },
          "sensitive_attributes": [],
          "private": "eyJlMmJmYjczMC1lY2FhLTExZTYtOGY4OC0zNDM2M2JjN2M0YzAiOnsiY3JlYXRlIjo2MDAwMDAwMDAwMDAsImRlbGV0ZSI6MTIwMDAwMDAwMDAwMH0sInNjaGVtYV92ZXJzaW9uIjoiMSJ9",
          "dependencies": [
            "module.aws_vpc.aws_vpc.main"
          ]
        }
      ]
    },
    {
      "module": "module.aws_subnets[\"public-us-east-1a\"]",
      "mode": "managed",
      "type": "aws_subnet",
      "name": "main",
      "provider": "provider[\"registry.terraform.io/hashicorp/aws\"]",
      "instances": [
        {
          "schema_version": 1,
          "attributes": {
            "arn": "arn:aws:ec2:us-east-1:025869940381:subnet/subnet-017923234c783e5fa",
            "assign_ipv6_address_on_creation": false,
            "availability_zone": "us-east-1a",
            "availability_zone_id": "use1-az1",
            "cidr_block": "192.168.0.0/18",
            "customer_owned_ipv4_pool": "",
            "enable_dns64": false,
            "enable_lni_at_device_index": 0,
            "enable_resource_name_dns_a_record_on_launch": false,
            "enable_resource_name_dns_aaaa_record_on_launch": false,
            "id": "subnet-017923234c783e5fa",
            "ipv6_cidr_block": "",
            "ipv6_cidr_block_association_id": "",
            "ipv6_native": false,
            "map_customer_owned_ip_on_launch": false,
            "map_public_ip_on_launch": false,
            "outpost_arn": "",
            "owner_id": "025869940381",
            "private_dns_hostname_type_on_launch": "ip-name",
            "tags": {
              "Name": "public-us-east-1a"
            },
            "tags_all": {
              "Name": "public-us-east-1a"
            },
            "timeouts": null,
            "vpc_id": "vpc-0a71e4979b6a42fb2"
          },
          "sensitive_attributes": [],
          "private": "eyJlMmJmYjczMC1lY2FhLTExZTYtOGY4OC0zNDM2M2JjN2M0YzAiOnsiY3JlYXRlIjo2MDAwMDAwMDAwMDAsImRlbGV0ZSI6MTIwMDAwMDAwMDAwMH0sInNjaGVtYV92ZXJzaW9uIjoiMSJ9",
          "dependencies": [
            "module.aws_vpc.aws_vpc.main"
          ]
        }
      ]
    },
    {
      "module": "module.aws_subnets[\"public-us-east-1b\"]",
      "mode": "managed",
      "type": "aws_subnet",
      "name": "main",
      "provider": "provider[\"registry.terraform.io/hashicorp/aws\"]",
      "instances": [
        {
          "schema_version": 1,
          "attributes": {
            "arn": "arn:aws:ec2:us-east-1:025869940381:subnet/subnet-0958d639b4764a0c7",
            "assign_ipv6_address_on_creation": false,
            "availability_zone": "us-east-1b",
            "availability_zone_id": "use1-az2",
            "cidr_block": "192.168.64.0/18",
            "customer_owned_ipv4_pool": "",
            "enable_dns64": false,
            "enable_lni_at_device_index": 0,
            "enable_resource_name_dns_a_record_on_launch": false,
            "enable_resource_name_dns_aaaa_record_on_launch": false,
            "id": "subnet-0958d639b4764a0c7",
            "ipv6_cidr_block": "",
            "ipv6_cidr_block_association_id": "",
            "ipv6_native": false,
            "map_customer_owned_ip_on_launch": false,
            "map_public_ip_on_launch": false,
            "outpost_arn": "",
            "owner_id": "025869940381",
            "private_dns_hostname_type_on_launch": "ip-name",
            "tags": {
              "Name": "public-us-east-1b"
            },
            "tags_all": {
              "Name": "public-us-east-1b"
            },
            "timeouts": null,
            "vpc_id": "vpc-0a71e4979b6a42fb2"
          },
          "sensitive_attributes": [],
          "private": "eyJlMmJmYjczMC1lY2FhLTExZTYtOGY4OC0zNDM2M2JjN2M0YzAiOnsiY3JlYXRlIjo2MDAwMDAwMDAwMDAsImRlbGV0ZSI6MTIwMDAwMDAwMDAwMH0sInNjaGVtYV92ZXJzaW9uIjoiMSJ9",
          "dependencies": [
            "module.aws_vpc.aws_vpc.main"
          ]
        }
      ]
    },
    {
      "module": "module.aws_vpc[\"vpc01\"]",
      "mode": "managed",
      "type": "aws_vpc",
      "name": "main",
      "provider": "provider[\"registry.terraform.io/hashicorp/aws\"]",
      "instances": [
        {
          "schema_version": 1,
          "attributes": {
            "arn": "arn:aws:ec2:us-east-1:025869940381:vpc/vpc-0a71e4979b6a42fb2",
            "assign_generated_ipv6_cidr_block": false,
            "cidr_block": "192.168.0.0/16",
            "default_network_acl_id": "acl-056aaa064ff67905b",
            "default_route_table_id": "rtb-09e19e19273f8f00e",
            "default_security_group_id": "sg-0d5de61129eb3db5e",
            "dhcp_options_id": "dopt-0d1ae28a25fdc090f",
            "enable_dns_hostnames": false,
            "enable_dns_support": true,
            "enable_network_address_usage_metrics": false,
            "id": "vpc-0a71e4979b6a42fb2",
            "instance_tenancy": "default",
            "ipv4_ipam_pool_id": null,
            "ipv4_netmask_length": null,
            "ipv6_association_id": "",
            "ipv6_cidr_block": "",
            "ipv6_cidr_block_network_border_group": "",
            "ipv6_ipam_pool_id": "",
            "ipv6_netmask_length": 0,
            "main_route_table_id": "rtb-09e19e19273f8f00e",
            "owner_id": "025869940381",
            "tags": {
              "Name": "first_vpc"
            },
            "tags_all": {
              "Name": "first_vpc"
            }
          },
          "sensitive_attributes": [],
          "private": "eyJzY2hlbWFfdmVyc2lvbiI6IjEifQ=="
        }
      ]
    }
  ],
  "check_results": null
}
